
Microsoft Visual Studio Solution File, Format Version 12.00
# Visual Studio Version 17
VisualStudioVersion = 17.5.33530.505
MinimumVisualStudioVersion = 10.0.40219.1
Project("{FAE04EC0-301F-11D3-BF4B-00C04F79EFBC}") = "FileContentSearcher", "FileContentSearcher.csproj", "{2B56B395-AF40-4937-88A1-DCACA2D3937D}"
EndProject
Global
	GlobalSection(SolutionConfigurationPlatforms) = preSolution
		Debug|Any CPU = Debug|Any CPU
		Release|Any CPU = Release|Any CPU
	EndGlobalSection
	GlobalSection(ProjectConfigurationPlatforms) = postSolution
		{2B56B395-AF40-4937-88A1-DCACA2D3937D}.Debug|Any CPU.ActiveCfg = Debug|Any CPU
		{2B56B395-AF40-4937-88A1-DCACA2D3937D}.Debug|Any CPU.Build.0 = Debug|Any CPU
		{2B56B395-AF40-4937-88A1-DCACA2D3937D}.Release|Any CPU.ActiveCfg = Release|Any CPU
		{2B56B395-AF40-4937-88A1-DCACA2D3937D}.Release|Any CPU.Build.0 = Release|Any CPU
	EndGlobalSection
	GlobalSection(SolutionProperties) = preSolution
		HideSolutionNode = FALSE
	EndGlobalSection
	GlobalSection(ExtensibilityGlobals) = postSolution
		SolutionGuid = {383E959A-DA4B-414A-BB74-6B402271A93A}
	EndGlobalSection
EndGlobal
